
Microsoft Visual Studio Solution File, Format Version 12.00
# Visual Studio Version 17
VisualStudioVersion = 17.14.36518.9
MinimumVisualStudioVersion = 10.0.40219.1
Project("{FAE04EC0-301F-11D3-BF4B-00C04F79EFBC}") = "test2", "test2\test2.csproj", "{959B4255-0E14-4F41-838D-10C724CFD437}"
EndProject
Global
	GlobalSection(SolutionConfigurationPlatforms) = preSolution
		Debug|Any CPU = Debug|Any CPU
		Debug|ARM64 = Debug|ARM64
		Release|Any CPU = Release|Any CPU
		Release|ARM64 = Release|ARM64
		x64|Any CPU = x64|Any CPU
		x64|ARM64 = x64|ARM64
	EndGlobalSection
	GlobalSection(ProjectConfigurationPlatforms) = postSolution
		{959B4255-0E14-4F41-838D-10C724CFD437}.Debug|Any CPU.ActiveCfg = Debug|Any CPU
		{959B4255-0E14-4F41-838D-10C724CFD437}.Debug|Any CPU.Build.0 = Debug|Any CPU
		{959B4255-0E14-4F41-838D-10C724CFD437}.Debug|ARM64.ActiveCfg = Debug|ARM64
		{959B4255-0E14-4F41-838D-10C724CFD437}.Debug|ARM64.Build.0 = Debug|ARM64
		{959B4255-0E14-4F41-838D-10C724CFD437}.Release|Any CPU.ActiveCfg = Release|Any CPU
		{959B4255-0E14-4F41-838D-10C724CFD437}.Release|Any CPU.Build.0 = Release|Any CPU
		{959B4255-0E14-4F41-838D-10C724CFD437}.Release|ARM64.ActiveCfg = Release|ARM64
		{959B4255-0E14-4F41-838D-10C724CFD437}.Release|ARM64.Build.0 = Release|ARM64
		{959B4255-0E14-4F41-838D-10C724CFD437}.x64|Any CPU.ActiveCfg = x64|Any CPU
		{959B4255-0E14-4F41-838D-10C724CFD437}.x64|Any CPU.Build.0 = x64|Any CPU
		{959B4255-0E14-4F41-838D-10C724CFD437}.x64|ARM64.ActiveCfg = x64|ARM64
		{959B4255-0E14-4F41-838D-10C724CFD437}.x64|ARM64.Build.0 = x64|ARM64
	EndGlobalSection
	GlobalSection(SolutionProperties) = preSolution
		HideSolutionNode = FALSE
	EndGlobalSection
	GlobalSection(ExtensibilityGlobals) = postSolution
		SolutionGuid = {31718A38-8C65-4EF8-B08F-998C97063173}
	EndGlobalSection
EndGlobal
